// !$*UTF8*$!
{
	archiveVersion = 1;
	classes = {
	};
	objectVersion = 77;
	objects = {

/* Begin PBXContainerItemProxy section */
		08BB4A712D5510AF003102AA /* PBXContainerItemProxy */ = {
			isa = PBXContainerItemProxy;
			containerPortal = 08BB4A562D5510AE003102AA /* Project object */;
			proxyType = 1;
			remoteGlobalIDString = 08BB4A5D2D5510AE003102AA;
			remoteInfo = "fitness-tracker";
		};
		08BB4A7B2D5510AF003102AA /* PBXContainerItemProxy */ = {
			isa = PBXContainerItemProxy;
			containerPortal = 08BB4A562D5510AE003102AA /* Project object */;
			proxyType = 1;
			remoteGlobalIDString = 08BB4A5D2D5510AE003102AA;
			remoteInfo = "fitness-tracker";
		};
/* End PBXContainerItemProxy section */

/* Begin PBXFileReference section */
		08BB4A5E2D5510AE003102AA /* fitness-tracker.app */ = {isa = PBXFileReference; explicitFileType = wrapper.application; includeInIndex = 0; path = "fitness-tracker.app"; sourceTree = BUILT_PRODUCTS_DIR; };
		08BB4A702D5510AF003102AA /* fitness-trackerTests.xctest */ = {isa = PBXFileReference; explicitFileType = wrapper.cfbundle; includeInIndex = 0; path = "fitness-trackerTests.xctest"; sourceTree = BUILT_PRODUCTS_DIR; };
		08BB4A7A2D5510AF003102AA /* fitness-trackerUITests.xctest */ = {isa = PBXFileReference; explicitFileType = wrapper.cfbundle; includeInIndex = 0; path = "fitness-trackerUITests.xctest"; sourceTree = BUILT_PRODUCTS_DIR; };
/* End PBXFileReference section */

/* Begin PBXFileSystemSynchronizedRootGroup section */
		08BB4A602D5510AE003102AA /* fitness-tracker */ = {
			isa = PBXFileSystemSynchronizedRootGroup;
			path = "fitness-tracker";
			sourceTree = "<group>";
		};
		08BB4A732D5510AF003102AA /* fitness-trackerTests */ = {
			isa = PBXFileSystemSynchronizedRootGroup;
			path = "fitness-trackerTests";
			sourceTree = "<group>";
		};
		08BB4A7D2D5510AF003102AA /* fitness-trackerUITests */ = {
			isa = PBXFileSystemSynchronizedRootGroup;
			path = "fitness-trackerUITests";
			sourceTree = "<group>";
		};
		805D03D22D6209CB00079E58 /* Components */ = {
			isa = PBXFileSystemSynchronizedRootGroup;
			path = Components;
			sourceTree = "<group>";
		};
/* End PBXFileSystemSynchronizedRootGroup section */

/* Begin PBXFrameworksBuildPhase section */
		08BB4A5B2D5510AE003102AA /* Frameworks */ = {
			isa = PBXFrameworksBuildPhase;
			buildActionMask = 2147483647;
			files = (
			);
			runOnlyForDeploymentPostprocessing = 0;
		};
		08BB4A6D2D5510AF003102AA /* Frameworks */ = {
			isa = PBXFrameworksBuildPhase;
			buildActionMask = 2147483647;
			files = (
			);
			runOnlyForDeploymentPostprocessing = 0;
		};
		08BB4A772D5510AF003102AA /* Frameworks */ = {
			isa = PBXFrameworksBuildPhase;
			buildActionMask = 2147483647;
			files = (
			);
			runOnlyForDeploymentPostprocessing = 0;
		};
/* End PBXFrameworksBuildPhase section */

/* Begin PBXGroup section */
		08BB4A552D5510AE003102AA = {
			isa = PBXGroup;
			children = (
				805D03D22D6209CB00079E58 /* Components */,
				08BB4A602D5510AE003102AA /* fitness-tracker */,
				08BB4A732D5510AF003102AA /* fitness-trackerTests */,
				08BB4A7D2D5510AF003102AA /* fitness-trackerUITests */,
				08BB4A5F2D5510AE003102AA /* Products */,
			);
			sourceTree = "<group>";
		};
		08BB4A5F2D5510AE003102AA /* Products */ = {
			isa = PBXGroup;
			children = (
				08BB4A5E2D5510AE003102AA /* fitness-tracker.app */,
				08BB4A702D5510AF003102AA /* fitness-trackerTests.xctest */,
				08BB4A7A2D5510AF003102AA /* fitness-trackerUITests.xctest */,
			);
			name = Products;
			sourceTree = "<group>";
		};
/* End PBXGroup section */

/* Begin PBXNativeTarget section */
		08BB4A5D2D5510AE003102AA /* fitness-tracker */ = {
			isa = PBXNativeTarget;
			buildConfigurationList = 08BB4A842D5510AF003102AA /* Build configuration list for PBXNativeTarget "fitness-tracker" */;
			buildPhases = (
				08BB4A5A2D5510AE003102AA /* Sources */,
				08BB4A5B2D5510AE003102AA /* Frameworks */,
				08BB4A5C2D5510AE003102AA /* Resources */,
			);
			buildRules = (
			);
			dependencies = (
			);
			fileSystemSynchronizedGroups = (
				08BB4A602D5510AE003102AA /* fitness-tracker */,
				805D03D22D6209CB00079E58 /* Components */,
			);
			name = "fitness-tracker";
			packageProductDependencies = (
			);
			productName = "fitness-tracker";
			productReference = 08BB4A5E2D5510AE003102AA /* fitness-tracker.app */;
			productType = "com.apple.product-type.application";
		};
		08BB4A6F2D5510AF003102AA /* fitness-trackerTests */ = {
			isa = PBXNativeTarget;
			buildConfigurationList = 08BB4A872D5510AF003102AA /* Build configuration list for PBXNativeTarget "fitness-trackerTests" */;
			buildPhases = (
				08BB4A6C2D5510AF003102AA /* Sources */,
				08BB4A6D2D5510AF003102AA /* Frameworks */,
				08BB4A6E2D5510AF003102AA /* Resources */,
			);
			buildRules = (
			);
			dependencies = (
				08BB4A722D5510AF003102AA /* PBXTargetDependency */,
			);
			fileSystemSynchronizedGroups = (
				08BB4A732D5510AF003102AA /* fitness-trackerTests */,
			);
			name = "fitness-trackerTests";
			packageProductDependencies = (
			);
			productName = "fitness-trackerTests";
			productReference = 08BB4A702D5510AF003102AA /* fitness-trackerTests.xctest */;
			productType = "com.apple.product-type.bundle.unit-test";
		};
		08BB4A792D5510AF003102AA /* fitness-trackerUITests */ = {
			isa = PBXNativeTarget;
			buildConfigurationList = 08BB4A8A2D5510AF003102AA /* Build configuration list for PBXNativeTarget "fitness-trackerUITests" */;
			buildPhases = (
				08BB4A762D5510AF003102AA /* Sources */,
				08BB4A772D5510AF003102AA /* Frameworks */,
				08BB4A782D5510AF003102AA /* Resources */,
			);
			buildRules = (
			);
			dependencies = (
				08BB4A7C2D5510AF003102AA /* PBXTargetDependency */,
			);
			fileSystemSynchronizedGroups = (
				08BB4A7D2D5510AF003102AA /* fitness-trackerUITests */,
			);
			name = "fitness-trackerUITests";
			packageProductDependencies = (
			);
			productName = "fitness-trackerUITests";
			productReference = 08BB4A7A2D5510AF003102AA /* fitness-trackerUITests.xctest */;
			productType = "com.apple.product-type.bundle.ui-testing";
		};
/* End PBXNativeTarget section */

/* Begin PBXProject section */
		08BB4A562D5510AE003102AA /* Project object */ = {
			isa = PBXProject;
			attributes = {
				BuildIndependentTargetsInParallel = 1;
				LastSwiftUpdateCheck = 1620;
				LastUpgradeCheck = 1620;
				TargetAttributes = {
					08BB4A5D2D5510AE003102AA = {
						CreatedOnToolsVersion = 16.2;
					};
					08BB4A6F2D5510AF003102AA = {
						CreatedOnToolsVersion = 16.2;
						TestTargetID = 08BB4A5D2D5510AE003102AA;
					};
					08BB4A792D5510AF003102AA = {
						CreatedOnToolsVersion = 16.2;
						TestTargetID = 08BB4A5D2D5510AE003102AA;
					};
				};
			};
			buildConfigurationList = 08BB4A592D5510AE003102AA /* Build configuration list for PBXProject "fitness-tracker" */;
			developmentRegion = en;
			hasScannedForEncodings = 0;
			knownRegions = (
				en,
				Base,
			);
			mainGroup = 08BB4A552D5510AE003102AA;
			minimizedProjectReferenceProxies = 1;
			preferredProjectObjectVersion = 77;
			productRefGroup = 08BB4A5F2D5510AE003102AA /* Products */;
			projectDirPath = "";
			projectRoot = "";
			targets = (
				08BB4A5D2D5510AE003102AA /* fitness-tracker */,
				08BB4A6F2D5510AF003102AA /* fitness-trackerTests */,
				08BB4A792D5510AF003102AA /* fitness-trackerUITests */,
			);
		};
/* End PBXProject section */

/* Begin PBXResourcesBuildPhase section */
		08BB4A5C2D5510AE003102AA /* Resources */ = {
			isa = PBXResourcesBuildPhase;
			buildActionMask = 2147483647;
			files = (
			);
			runOnlyForDeploymentPostprocessing = 0;
		};
		08BB4A6E2D5510AF003102AA /* Resources */ = {
			isa = PBXResourcesBuildPhase;
			buildActionMask = 2147483647;
			files = (
			);
			runOnlyForDeploymentPostprocessing = 0;
		};
		08BB4A782D5510AF003102AA /* Resources */ = {
			isa = PBXResourcesBuildPhase;
			buildActionMask = 2147483647;
			files = (
			);
			runOnlyForDeploymentPostprocessing = 0;
		};
/* End PBXResourcesBuildPhase section */

/* Begin PBXSourcesBuildPhase section */
		08BB4A5A2D5510AE003102AA /* Sources */ = {
			isa = PBXSourcesBuildPhase;
			buildActionMask = 2147483647;
			files = (
			);
			runOnlyForDeploymentPostprocessing = 0;
		};
		08BB4A6C2D5510AF003102AA /* Sources */ = {
			isa = PBXSourcesBuildPhase;
			buildActionMask = 2147483647;
			files = (
			);
			runOnlyForDeploymentPostprocessing = 0;
		};
		08BB4A762D5510AF003102AA /* Sources */ = {
			isa = PBXSourcesBuildPhase;
			buildActionMask = 2147483647;
			files = (
			);
			runOnlyForDeploymentPostprocessing = 0;
		};
/* End PBXSourcesBuildPhase section */

/* Begin PBXTargetDependency section */
		08BB4A722D5510AF003102AA /* PBXTargetDependency */ = {
			isa = PBXTargetDependency;
			target = 08BB4A5D2D5510AE003102AA /* fitness-tracker */;
			targetProxy = 08BB4A712D5510AF003102AA /* PBXContainerItemProxy */;
		};
		08BB4A7C2D5510AF003102AA /* PBXTargetDependency */ = {
			isa = PBXTargetDependency;
			target = 08BB4A5D2D5510AE003102AA /* fitness-tracker */;
			targetProxy = 08BB4A7B2D5510AF003102AA /* PBXContainerItemProxy */;
		};
/* End PBXTargetDependency section */

/* Begin XCBuildConfiguration section */
		08BB4A822D5510AF003102AA /* Debug */ = {
			isa = XCBuildConfiguration;
			buildSettings = {
				ALWAYS_SEARCH_USER_PATHS = NO;
				ASSETCATALOG_COMPILER_GENERATE_SWIFT_ASSET_SYMBOL_EXTENSIONS = YES;
				CLANG_ANALYZER_NONNULL = YES;
				CLANG_ANALYZER_NUMBER_OBJECT_CONVERSION = YES_AGGRESSIVE;
				CLANG_CXX_LANGUAGE_STANDARD = "gnu++20";
				CLANG_ENABLE_MODULES = YES;
				CLANG_ENABLE_OBJC_ARC = YES;
				CLANG_ENABLE_OBJC_WEAK = YES;
				CLANG_WARN_BLOCK_CAPTURE_AUTORELEASING = YES;
				CLANG_WARN_BOOL_CONVERSION = YES;
				CLANG_WARN_COMMA = YES;
				CLANG_WARN_CONSTANT_CONVERSION = YES;
				CLANG_WARN_DEPRECATED_OBJC_IMPLEMENTATIONS = YES;
				CLANG_WARN_DIRECT_OBJC_ISA_USAGE = YES_ERROR;
				CLANG_WARN_DOCUMENTATION_COMMENTS = YES;
				CLANG_WARN_EMPTY_BODY = YES;
				CLANG_WARN_ENUM_CONVERSION = YES;
				CLANG_WARN_INFINITE_RECURSION = YES;
				CLANG_WARN_INT_CONVERSION = YES;
				CLANG_WARN_NON_LITERAL_NULL_CONVERSION = YES;
				CLANG_WARN_OBJC_IMPLICIT_RETAIN_SELF = YES;
				CLANG_WARN_OBJC_LITERAL_CONVERSION = YES;
				CLANG_WARN_OBJC_ROOT_CLASS = YES_ERROR;
				CLANG_WARN_QUOTED_INCLUDE_IN_FRAMEWORK_HEADER = YES;
				CLANG_WARN_RANGE_LOOP_ANALYSIS = YES;
				CLANG_WARN_STRICT_PROTOTYPES = YES;
				CLANG_WARN_SUSPICIOUS_MOVE = YES;
				CLANG_WARN_UNGUARDED_AVAILABILITY = YES_AGGRESSIVE;
				CLANG_WARN_UNREACHABLE_CODE = YES;
				CLANG_WARN__DUPLICATE_METHOD_MATCH = YES;
				COPY_PHASE_STRIP = NO;
				DEBUG_INFORMATION_FORMAT = dwarf;
				ENABLE_STRICT_OBJC_MSGSEND = YES;
				ENABLE_TESTABILITY = YES;
				ENABLE_USER_SCRIPT_SANDBOXING = YES;
				GCC_C_LANGUAGE_STANDARD = gnu17;
				GCC_DYNAMIC_NO_PIC = NO;
				GCC_NO_COMMON_BLOCKS = YES;
				GCC_OPTIMIZATION_LEVEL = 0;
				GCC_PREPROCESSOR_DEFINITIONS = (
					"DEBUG=1",
					"$(inherited)",
				);
				GCC_WARN_64_TO_32_BIT_CONVERSION = YES;
				GCC_WARN_ABOUT_RETURN_TYPE = YES_ERROR;
				GCC_WARN_UNDECLARED_SELECTOR = YES;
				GCC_WARN_UNINITIALIZED_AUTOS = YES_AGGRESSIVE;
				GCC_WARN_UNUSED_FUNCTION = YES;
				GCC_WARN_UNUSED_VARIABLE = YES;
				IPHONEOS_DEPLOYMENT_TARGET = 18.2;
				LOCALIZATION_PREFERS_STRING_CATALOGS = YES;
				MTL_ENABLE_DEBUG_INFO = INCLUDE_SOURCE;
				MTL_FAST_MATH = YES;
				ONLY_ACTIVE_ARCH = YES;
				SDKROOT = iphoneos;
				SWIFT_ACTIVE_COMPILATION_CONDITIONS = "DEBUG $(inherited)";
				SWIFT_OPTIMIZATION_LEVEL = "-Onone";
			};
			name = Debug;
		};
		08BB4A832D5510AF003102AA /* Release */ = {
			isa = XCBuildConfiguration;
			buildSettings = {
				ALWAYS_SEARCH_USER_PATHS = NO;
				ASSETCATALOG_COMPILER_GENERATE_SWIFT_ASSET_SYMBOL_EXTENSIONS = YES;
				CLANG_ANALYZER_NONNULL = YES;
				CLANG_ANALYZER_NUMBER_OBJECT_CONVERSION = YES_AGGRESSIVE;
				CLANG_CXX_LANGUAGE_STANDARD = "gnu++20";
				CLANG_ENABLE_MODULES = YES;
				CLANG_ENABLE_OBJC_ARC = YES;
				CLANG_ENABLE_OBJC_WEAK = YES;
				CLANG_WARN_BLOCK_CAPTURE_AUTORELEASING = YES;
				CLANG_WARN_BOOL_CONVERSION = YES;
				CLANG_WARN_COMMA = YES;
				CLANG_WARN_CONSTANT_CONVERSION = YES;
				CLANG_WARN_DEPRECATED_OBJC_IMPLEMENTATIONS = YES;
				CLANG_WARN_DIRECT_OBJC_ISA_USAGE = YES_ERROR;
				CLANG_WARN_DOCUMENTATION_COMMENTS = YES;
				CLANG_WARN_EMPTY_BODY = YES;
				CLANG_WARN_ENUM_CONVERSION = YES;
				CLANG_WARN_INFINITE_RECURSION = YES;
				CLANG_WARN_INT_CONVERSION = YES;
				CLANG_WARN_NON_LITERAL_NULL_CONVERSION = YES;
				CLANG_WARN_OBJC_IMPLICIT_RETAIN_SELF = YES;
				CLANG_WARN_OBJC_LITERAL_CONVERSION = YES;
				CLANG_WARN_OBJC_ROOT_CLASS = YES_ERROR;
				CLANG_WARN_QUOTED_INCLUDE_IN_FRAMEWORK_HEADER = YES;
				CLANG_WARN_RANGE_LOOP_ANALYSIS = YES;
				CLANG_WARN_STRICT_PROTOTYPES = YES;
				CLANG_WARN_SUSPICIOUS_MOVE = YES;
				CLANG_WARN_UNGUARDED_AVAILABILITY = YES_AGGRESSIVE;
				CLANG_WARN_UNREACHABLE_CODE = YES;
				CLANG_WARN__DUPLICATE_METHOD_MATCH = YES;
				COPY_PHASE_STRIP = NO;
				DEBUG_INFORMATION_FORMAT = "dwarf-with-dsym";
				ENABLE_NS_ASSERTIONS = NO;
				ENABLE_STRICT_OBJC_MSGSEND = YES;
				ENABLE_USER_SCRIPT_SANDBOXING = YES;
				GCC_C_LANGUAGE_STANDARD = gnu17;
				GCC_NO_COMMON_BLOCKS = YES;
				GCC_WARN_64_TO_32_BIT_CONVERSION = YES;
				GCC_WARN_ABOUT_RETURN_TYPE = YES_ERROR;
				GCC_WARN_UNDECLARED_SELECTOR = YES;
				GCC_WARN_UNINITIALIZED_AUTOS = YES_AGGRESSIVE;
				GCC_WARN_UNUSED_FUNCTION = YES;
				GCC_WARN_UNUSED_VARIABLE = YES;
				IPHONEOS_DEPLOYMENT_TARGET = 18.2;
				LOCALIZATION_PREFERS_STRING_CATALOGS = YES;
				MTL_ENABLE_DEBUG_INFO = NO;
				MTL_FAST_MATH = YES;
				SDKROOT = iphoneos;
				SWIFT_COMPILATION_MODE = wholemodule;
				VALIDATE_PRODUCT = YES;
			};
			name = Release;
		};
		08BB4A852D5510AF003102AA /* Debug */ = {
			isa = XCBuildConfiguration;
			buildSettings = {
				ASSETCATALOG_COMPILER_APPICON_NAME = AppIcon;
				ASSETCATALOG_COMPILER_GLOBAL_ACCENT_COLOR_NAME = AccentColor;
				CODE_SIGN_STYLE = Automatic;
				CURRENT_PROJECT_VERSION = 1;
				DEVELOPMENT_ASSET_PATHS = "\"fitness-tracker/Preview Content\"";
				ENABLE_PREVIEWS = YES;
				GENERATE_INFOPLIST_FILE = YES;
				INFOPLIST_KEY_UIApplicationSceneManifest_Generation = YES;
				INFOPLIST_KEY_UIApplicationSupportsIndirectInputEvents = YES;
				INFOPLIST_KEY_UILaunchScreen_Generation = YES;
				INFOPLIST_KEY_UISupportedInterfaceOrientations_iPad = "UIInterfaceOrientationPortrait UIInterfaceOrientationPortraitUpsideDown UIInterfaceOrientationLandscapeLeft UIInterfaceOrientationLandscapeRight";
				INFOPLIST_KEY_UISupportedInterfaceOrientations_iPhone = "UIInterfaceOrientationPortrait UIInterfaceOrientationLandscapeLeft UIInterfaceOrientationLandscapeRight";
				LD_RUNPATH_SEARCH_PATHS = (
					"$(inherited)",
					"@executable_path/Frameworks",
				);
				MARKETING_VERSION = 1.0;
				PRODUCT_BUNDLE_IDENTIFIER = "com.group24.fitness-tracker";
				PRODUCT_NAME = "$(TARGET_NAME)";
				SWIFT_EMIT_LOC_STRINGS = YES;
				SWIFT_VERSION = 5.0;
				TARGETED_DEVICE_FAMILY = "1,2";
			};
			name = Debug;
		};
		08BB4A862D5510AF003102AA /* Release */ = {
			isa = XCBuildConfiguration;
			buildSettings = {
				ASSETCATALOG_COMPILER_APPICON_NAME = AppIcon;
				ASSETCATALOG_COMPILER_GLOBAL_ACCENT_COLOR_NAME = AccentColor;
				CODE_SIGN_STYLE = Automatic;
				CURRENT_PROJECT_VERSION = 1;
				DEVELOPMENT_ASSET_PATHS = "\"fitness-tracker/Preview Content\"";
				ENABLE_PREVIEWS = YES;
				GENERATE_INFOPLIST_FILE = YES;
				INFOPLIST_KEY_UIApplicationSceneManifest_Generation = YES;
				INFOPLIST_KEY_UIApplicationSupportsIndirectInputEvents = YES;
				INFOPLIST_KEY_UILaunchScreen_Generation = YES;
				INFOPLIST_KEY_UISupportedInterfaceOrientations_iPad = "UIInterfaceOrientationPortrait UIInterfaceOrientationPortraitUpsideDown UIInterfaceOrientationLandscapeLeft UIInterfaceOrientationLandscapeRight";
				INFOPLIST_KEY_UISupportedInterfaceOrientations_iPhone = "UIInterfaceOrientationPortrait UIInterfaceOrientationLandscapeLeft UIInterfaceOrientationLandscapeRight";
				LD_RUNPATH_SEARCH_PATHS = (
					"$(inherited)",
					"@executable_path/Frameworks",
				);
				MARKETING_VERSION = 1.0;
				PRODUCT_BUNDLE_IDENTIFIER = "com.group24.fitness-tracker";
				PRODUCT_NAME = "$(TARGET_NAME)";
				SWIFT_EMIT_LOC_STRINGS = YES;
				SWIFT_VERSION = 5.0;
				TARGETED_DEVICE_FAMILY = "1,2";
			};
			name = Release;
		};
		08BB4A882D5510AF003102AA /* Debug */ = {
			isa = XCBuildConfiguration;
			buildSettings = {
				BUNDLE_LOADER = "$(TEST_HOST)";
				CODE_SIGN_STYLE = Automatic;
				CURRENT_PROJECT_VERSION = 1;
				GENERATE_INFOPLIST_FILE = YES;
				IPHONEOS_DEPLOYMENT_TARGET = 18.2;
				MARKETING_VERSION = 1.0;
				PRODUCT_BUNDLE_IDENTIFIER = "com.group24.fitness-trackerTests";
				PRODUCT_NAME = "$(TARGET_NAME)";
				SWIFT_EMIT_LOC_STRINGS = NO;
				SWIFT_VERSION = 5.0;
				TARGETED_DEVICE_FAMILY = "1,2";
				TEST_HOST = "$(BUILT_PRODUCTS_DIR)/fitness-tracker.app/$(BUNDLE_EXECUTABLE_FOLDER_PATH)/fitness-tracker";
			};
			name = Debug;
		};
		08BB4A892D5510AF003102AA /* Release */ = {
			isa = XCBuildConfiguration;
			buildSettings = {
				BUNDLE_LOADER = "$(TEST_HOST)";
				CODE_SIGN_STYLE = Automatic;
				CURRENT_PROJECT_VERSION = 1;
				GENERATE_INFOPLIST_FILE = YES;
				IPHONEOS_DEPLOYMENT_TARGET = 18.2;
				MARKETING_VERSION = 1.0;
				PRODUCT_BUNDLE_IDENTIFIER = "com.group24.fitness-trackerTests";
				PRODUCT_NAME = "$(TARGET_NAME)";
				SWIFT_EMIT_LOC_STRINGS = NO;
				SWIFT_VERSION = 5.0;
				TARGETED_DEVICE_FAMILY = "1,2";
				TEST_HOST = "$(BUILT_PRODUCTS_DIR)/fitness-tracker.app/$(BUNDLE_EXECUTABLE_FOLDER_PATH)/fitness-tracker";
			};
			name = Release;
		};
		08BB4A8B2D5510AF003102AA /* Debug */ = {
			isa = XCBuildConfiguration;
			buildSettings = {
				CODE_SIGN_STYLE = Automatic;
				CURRENT_PROJECT_VERSION = 1;
				GENERATE_INFOPLIST_FILE = YES;
				MARKETING_VERSION = 1.0;
				PRODUCT_BUNDLE_IDENTIFIER = "com.group24.fitness-trackerUITests";
				PRODUCT_NAME = "$(TARGET_NAME)";
				SWIFT_EMIT_LOC_STRINGS = NO;
				SWIFT_VERSION = 5.0;
				TARGETED_DEVICE_FAMILY = "1,2";
				TEST_TARGET_NAME = "fitness-tracker";
			};
			name = Debug;
		};
		08BB4A8C2D5510AF003102AA /* Release */ = {
			isa = XCBuildConfiguration;
			buildSettings = {
				CODE_SIGN_STYLE = Automatic;
				CURRENT_PROJECT_VERSION = 1;
				GENERATE_INFOPLIST_FILE = YES;
				MARKETING_VERSION = 1.0;
				PRODUCT_BUNDLE_IDENTIFIER = "com.group24.fitness-trackerUITests";
				PRODUCT_NAME = "$(TARGET_NAME)";
				SWIFT_EMIT_LOC_STRINGS = NO;
				SWIFT_VERSION = 5.0;
				TARGETED_DEVICE_FAMILY = "1,2";
				TEST_TARGET_NAME = "fitness-tracker";
			};
			name = Release;
		};
/* End XCBuildConfiguration section */

/* Begin XCConfigurationList section */
		08BB4A592D5510AE003102AA /* Build configuration list for PBXProject "fitness-tracker" */ = {
			isa = XCConfigurationList;
			buildConfigurations = (
				08BB4A822D5510AF003102AA /* Debug */,
				08BB4A832D5510AF003102AA /* Release */,
			);
			defaultConfigurationIsVisible = 0;
			defaultConfigurationName = Release;
		};
		08BB4A842D5510AF003102AA /* Build configuration list for PBXNativeTarget "fitness-tracker" */ = {
			isa = XCConfigurationList;
			buildConfigurations = (
				08BB4A852D5510AF003102AA /* Debug */,
				08BB4A862D5510AF003102AA /* Release */,
			);
			defaultConfigurationIsVisible = 0;
			defaultConfigurationName = Release;
		};
		08BB4A872D5510AF003102AA /* Build configuration list for PBXNativeTarget "fitness-trackerTests" */ = {
			isa = XCConfigurationList;
			buildConfigurations = (
				08BB4A882D5510AF003102AA /* Debug */,
				08BB4A892D5510AF003102AA /* Release */,
			);
			defaultConfigurationIsVisible = 0;
			defaultConfigurationName = Release;
		};
		08BB4A8A2D5510AF003102AA /* Build configuration list for PBXNativeTarget "fitness-trackerUITests" */ = {
			isa = XCConfigurationList;
			buildConfigurations = (
				08BB4A8B2D5510AF003102AA /* Debug */,
				08BB4A8C2D5510AF003102AA /* Release */,
			);
			defaultConfigurationIsVisible = 0;
			defaultConfigurationName = Release;
		};
/* End XCConfigurationList section */
	};
	rootObject = 08BB4A562D5510AE003102AA /* Project object */;
}
